
Microsoft Visual Studio Solution File, Format Version 12.00
# Visual Studio Version 17
VisualStudioVersion = 17.3.32819.101
MinimumVisualStudioVersion = 10.0.40219.1
Project("{FAE04EC0-301F-11D3-BF4B-00C04F79EFBC}") = "Game Of Life", "Game Of Life\Game Of Life.csproj", "{BBA3AFD9-04F2-40F2-BD3E-8F7102FE652F}"
EndProject
Global
	GlobalSection(SolutionConfigurationPlatforms) = preSolution
		Debug|Any CPU = Debug|Any CPU
		Release|Any CPU = Release|Any CPU
	EndGlobalSection
	GlobalSection(ProjectConfigurationPlatforms) = postSolution
		{BBA3AFD9-04F2-40F2-BD3E-8F7102FE652F}.Debug|Any CPU.ActiveCfg = Debug|Any CPU
		{BBA3AFD9-04F2-40F2-BD3E-8F7102FE652F}.Debug|Any CPU.Build.0 = Debug|Any CPU
		{BBA3AFD9-04F2-40F2-BD3E-8F7102FE652F}.Release|Any CPU.ActiveCfg = Release|Any CPU
		{BBA3AFD9-04F2-40F2-BD3E-8F7102FE652F}.Release|Any CPU.Build.0 = Release|Any CPU
	EndGlobalSection
	GlobalSection(SolutionProperties) = preSolution
		HideSolutionNode = FALSE
	EndGlobalSection
	GlobalSection(ExtensibilityGlobals) = postSolution
		SolutionGuid = {551EABFF-6764-402F-A199-5371EE3FE0B1}
	EndGlobalSection
EndGlobal
